<?xml version="1.0" encoding="utf-8"?>
<Project ToolsVersion="4.0" xmlns="http://schemas.microsoft.com/developer/msbuild/2003">
  <ItemGroup>
    <Filter Include="소스 파일">
      <UniqueIdentifier>{4FC737F1-C7A5-4376-A066-2A32D752A2FF}</UniqueIdentifier>
      <Extensions>cpp;c;cc;cxx;def;odl;idl;hpj;bat;asm;asmx</Extensions>
    </Filter>
    <Filter Include="헤더 파일">
      <UniqueIdentifier>{93995380-89BD-4b04-88EB-625FBE52EBFB}</UniqueIdentifier>
      <Extensions>h;hh;hpp;hxx;hm;inl;inc;xsd</Extensions>
    </Filter>
    <Filter Include="리소스 파일">
      <UniqueIdentifier>{67DA6AB6-F800-4c08-8B7A-83BB121AAD01}</UniqueIdentifier>
      <Extensions>rc;ico;cur;bmp;dlg;rc2;rct;bin;rgs;gif;jpg;jpeg;jpe;resx;tiff;tif;png;wav;mfcribbon-ms</Extensions>
    </Filter>
    <Filter Include="소스 파일\Additional">
      <UniqueIdentifier>{403bb6a9-839e-4bae-9789-f2661f15b328}</UniqueIdentifier>
    </Filter>
    <Filter Include="헤더 파일\Additional">
      <UniqueIdentifier>{1462753d-2ae9-46c1-8e0a-d3e4f0b2a795}</UniqueIdentifier>
    </Filter>
    <Filter Include="소스 파일\Renderable">
      <UniqueIdentifier>{2a2b7e22-82b5-4af5-a5f8-fff1aa80d561}</UniqueIdentifier>
    </Filter>
    <Filter Include="헤더 파일\Renderable">
      <UniqueIdentifier>{5985fc48-c542-4eb4-84ec-6fe8d73b7516}</UniqueIdentifier>
    </Filter>
    <Filter Include="헤더 파일\Renderable\Levels">
      <UniqueIdentifier>{1f105d48-f9b3-4335-8407-0b29d5b67bce}</UniqueIdentifier>
    </Filter>
    <Filter Include="헤더 파일\Renderable\Levels\CustomLevel">
      <UniqueIdentifier>{fb1c5ba8-deef-461f-821e-6bec6cc2650e}</UniqueIdentifier>
    </Filter>
    <Filter Include="헤더 파일\Renderable\Actors">
      <UniqueIdentifier>{242b367e-2b77-45a6-914b-acfcfe5d3b9d}</UniqueIdentifier>
    </Filter>
    <Filter Include="소스 파일\Renderable\Actors">
      <UniqueIdentifier>{c8f30535-00de-4aae-a906-5fa3142d49f1}</UniqueIdentifier>
    </Filter>
    <Filter Include="소스 파일\Renderable\Levels">
      <UniqueIdentifier>{54662430-faf9-4e11-a133-36d2e9de356f}</UniqueIdentifier>
    </Filter>
    <Filter Include="소스 파일\Renderable\Levels\CustomLevel">
      <UniqueIdentifier>{2baafcbd-a9dd-46f4-b9a7-de703482d967}</UniqueIdentifier>
    </Filter>
    <Filter Include="헤더 파일\Renderable\Actors\Actors">
      <UniqueIdentifier>{4b90048e-d39c-415b-8243-a080aad7002b}</UniqueIdentifier>
    </Filter>
    <Filter Include="소스 파일\Renderable\Actors\Actors">
      <UniqueIdentifier>{8509614f-b540-4ca8-8a1e-670d4877c568}</UniqueIdentifier>
    </Filter>
    <Filter Include="Trashcan">
      <UniqueIdentifier>{f1e8983b-bea8-4755-ac77-41187ebcda58}</UniqueIdentifier>
    </Filter>
    <Filter Include="헤더 파일\Renderable\SpriteHandler">
      <UniqueIdentifier>{0e649be9-a734-41fa-9641-2f01c7b0d32d}</UniqueIdentifier>
    </Filter>
    <Filter Include="소스 파일\Renderable\SpriteHandler">
      <UniqueIdentifier>{fa3e40a2-0372-4e01-886d-e495694201de}</UniqueIdentifier>
    <Filter Include="소스 파일\Input">
      <UniqueIdentifier>{61809122-230f-47d0-82c3-df17a500ebb3}</UniqueIdentifier>
    </Filter>
    <Filter Include="헤더 파일\Input">
      <UniqueIdentifier>{0e87e4ac-8299-4526-9ccb-ec35f53b7459}</UniqueIdentifier>
    </Filter>
  </ItemGroup>
  <ItemGroup>
    <ClCompile Include="Main.cpp">
      <Filter>소스 파일</Filter>
    </ClCompile>
    <ClCompile Include="Frame.cpp">
      <Filter>소스 파일\Additional</Filter>
    </ClCompile>
    <ClCompile Include="Game.cpp">
      <Filter>소스 파일\Additional</Filter>
    </ClCompile>
    <ClCompile Include="Graphics.cpp">
      <Filter>소스 파일\Additional</Filter>
    </ClCompile>
    <ClCompile Include="Player.cpp">
      <Filter>소스 파일\Renderable\Actors\Actors</Filter>
    </ClCompile>
    <ClCompile Include="Enemy.cpp">
      <Filter>소스 파일\Renderable\Actors\Actors</Filter>
    </ClCompile>
    <ClCompile Include="LevelController.cpp">
      <Filter>Trashcan</Filter>
    </ClCompile>
    <ClCompile Include="TestLevel.cpp">
      <Filter>Trashcan</Filter>
    </ClCompile>
    <ClCompile Include="SpriteSheet.cpp">
      <Filter>소스 파일\Renderable\SpriteHandler</Filter>
    <ClCompile Include="Keyboard.cpp">
      <Filter>소스 파일\Input</Filter>
    </ClCompile>
    <ClCompile Include="DX_Input.cpp">
      <Filter>소스 파일\Input</Filter>
    </ClCompile>
  </ItemGroup>
  <ItemGroup>
    <ClInclude Include="resource.h">
      <Filter>헤더 파일</Filter>
    </ClInclude>
    <ClInclude Include="Frame.h">
      <Filter>헤더 파일\Additional</Filter>
    </ClInclude>
    <ClInclude Include="Game.h">
      <Filter>헤더 파일\Additional</Filter>
    </ClInclude>
    <ClInclude Include="Graphics.h">
      <Filter>헤더 파일\Additional</Filter>
    </ClInclude>
    <ClInclude Include="GameDefine.h">
      <Filter>헤더 파일</Filter>
    </ClInclude>
    <ClInclude Include="IActor.h">
      <Filter>헤더 파일\Renderable\Actors</Filter>
    </ClInclude>
    <ClInclude Include="Enemy.h">
      <Filter>헤더 파일\Renderable\Actors\Actors</Filter>
    </ClInclude>
    <ClInclude Include="Player.h">
      <Filter>헤더 파일\Renderable\Actors\Actors</Filter>
    </ClInclude>
    <ClInclude Include="Level.h">
      <Filter>Trashcan</Filter>
    </ClInclude>
    <ClInclude Include="LevelController.h">
      <Filter>Trashcan</Filter>
    </ClInclude>
    <ClInclude Include="TestLevel.h">
      <Filter>Trashcan</Filter>
    </ClInclude>
    <ClInclude Include="SpriteSheet.h">
      <Filter>헤더 파일\Renderable\SpriteHandler</Filter>
    <ClInclude Include="Keyboard.h">
      <Filter>헤더 파일\Input</Filter>
    </ClInclude>
    <ClInclude Include="DX_Input.h">
      <Filter>헤더 파일\Input</Filter>
    </ClInclude>
  </ItemGroup>
  <ItemGroup>
    <ResourceCompile Include="Resource.rc">
      <Filter>리소스 파일</Filter>
    </ResourceCompile>
  </ItemGroup>
  <ItemGroup>
    <Image Include="icon1.ico">
      <Filter>리소스 파일</Filter>
    </Image>
    <Image Include="bitmap1.bmp">
      <Filter>리소스 파일</Filter>
    </Image>
    <Image Include="Image\Sprite.png">
      <Filter>리소스 파일</Filter>
    </Image>
  </ItemGroup>
  <ItemGroup>
    <Text Include="__1.txt" />
  </ItemGroup>
</Project>