<?xml version="1.0" encoding="utf-8"?>
<Project ToolsVersion="4.0" xmlns="http://schemas.microsoft.com/developer/msbuild/2003">
  <ItemGroup>
    <ClCompile Include="DX_Input.cpp">
      <Filter>Source</Filter>
    </ClCompile>
    <ClCompile Include="Game.cpp">
      <Filter>Source</Filter>
    </ClCompile>
    <ClCompile Include="GameTimer.cpp">
      <Filter>Source</Filter>
    </ClCompile>
    <ClCompile Include="Graphics.cpp">
      <Filter>Source</Filter>
    </ClCompile>
    <ClCompile Include="LevelController.cpp">
      <Filter>Source</Filter>
    </ClCompile>
    <ClCompile Include="Main.cpp">
      <Filter>Source</Filter>
    </ClCompile>
    <ClCompile Include="TextWriter.cpp">
      <Filter>Source</Filter>
    </ClCompile>
    <ClCompile Include="TestLevel2.cpp">
      <Filter>Source\Level</Filter>
    </ClCompile>
    <ClCompile Include="TestLevel.cpp">
      <Filter>Source\Level</Filter>
    </ClCompile>
    <ClCompile Include="MainLevel.cpp">
      <Filter>Source\Level</Filter>
    </ClCompile>
    <ClCompile Include="Button.cpp">
      <Filter>Source\Actor</Filter>
    </ClCompile>
    <ClCompile Include="Enemy.cpp">
      <Filter>Source\Actor</Filter>
    </ClCompile>
    <ClCompile Include="Gauge.cpp">
      <Filter>Source\Actor</Filter>
    </ClCompile>
    <ClCompile Include="Player.cpp">
      <Filter>Source\Actor</Filter>
    </ClCompile>
    <ClCompile Include="PlayerAttack.cpp">
      <Filter>Source\Actor</Filter>
    </ClCompile>
    <ClCompile Include="PlayerHealthUI.cpp">
      <Filter>Source\Actor</Filter>
    </ClCompile>
    <ClCompile Include="SpriteSheet.cpp">
      <Filter>Source\Actor</Filter>
    </ClCompile>
    <ClCompile Include="TestButton.cpp">
      <Filter>Source\Actor</Filter>
    </ClCompile>
    <ClCompile Include="Weapon.cpp">
      <Filter>Source\Actor</Filter>
    </ClCompile>
    <ClCompile Include="HowLevel.cpp">
      <Filter>Source\Level</Filter>
    </ClCompile>
    <ClCompile Include="InfoLevel.cpp">
      <Filter>Source\Level</Filter>
    </ClCompile>
    <ClCompile Include="CreditLevel.cpp">
      <Filter>Source\Level</Filter>
    </ClCompile>
  </ItemGroup>
  <ItemGroup>
    <ClInclude Include="resource.h" />
    <ClInclude Include="LevelController.h">
      <Filter>Header</Filter>
    </ClInclude>
    <ClInclude Include="Graphics.h">
      <Filter>Header</Filter>
    </ClInclude>
    <ClInclude Include="GameTimer.h">
      <Filter>Header</Filter>
    </ClInclude>
    <ClInclude Include="GameDefine.h">
      <Filter>Header</Filter>
    </ClInclude>
    <ClInclude Include="Game.h">
      <Filter>Header</Filter>
    </ClInclude>
    <ClInclude Include="DX_Input.h">
      <Filter>Header</Filter>
    </ClInclude>
    <ClInclude Include="Level.h">
      <Filter>Header\Level</Filter>
    </ClInclude>
    <ClInclude Include="TestLevel.h">
      <Filter>Header\Level</Filter>
    </ClInclude>
    <ClInclude Include="TestLevel2.h">
      <Filter>Header\Level</Filter>
    </ClInclude>
    <ClInclude Include="MainLevel.h">
      <Filter>Header\Level</Filter>
    </ClInclude>
    <ClInclude Include="IActor.h">
      <Filter>Header\Interface</Filter>
    </ClInclude>
    <ClInclude Include="IDelegate.h">
      <Filter>Header\Interface</Filter>
    </ClInclude>
    <ClInclude Include="IDrawable.h">
      <Filter>Header\Interface</Filter>
    </ClInclude>
    <ClInclude Include="Button.h">
      <Filter>Header\Actor</Filter>
    </ClInclude>
    <ClInclude Include="Enemy.h">
      <Filter>Header\Actor</Filter>
    </ClInclude>
    <ClInclude Include="Gauge.h">
      <Filter>Header\Actor</Filter>
    </ClInclude>
    <ClInclude Include="Player.h">
      <Filter>Header\Actor</Filter>
    </ClInclude>
    <ClInclude Include="PlayerHealthUI.h">
      <Filter>Header\Actor</Filter>
    </ClInclude>
    <ClInclude Include="SpriteSheet.h">
      <Filter>Header\Actor</Filter>
    </ClInclude>
    <ClInclude Include="TestButton.h">
      <Filter>Header\Actor</Filter>
    </ClInclude>
    <ClInclude Include="Weapon.h">
      <Filter>Header\Actor</Filter>
    </ClInclude>
    <ClInclude Include="TextWriter.h">
      <Filter>Header</Filter>
    </ClInclude>
    <ClInclude Include="HowLevel.h">
      <Filter>Header\Level</Filter>
    </ClInclude>
    <ClInclude Include="InfoLevel.h">
      <Filter>Header\Level</Filter>
    </ClInclude>
    <ClInclude Include="CreditLevel.h">
      <Filter>Header\Level</Filter>
    </ClInclude>
  </ItemGroup>
  <ItemGroup>
    <ResourceCompile Include="Resource.rc" />
  </ItemGroup>
  <ItemGroup>
    <Image Include="icon1.ico" />
    <Image Include="Image\UI\button_yellow_focused.png">
      <Filter>Images</Filter>
    </Image>
    <Image Include="Image\UI\button_yellow_normal.png">
      <Filter>Images</Filter>
    </Image>
    <Image Include="Image\UI\button_yellow_pressed.png">
      <Filter>Images</Filter>
    </Image>
    <Image Include="Image\Level_Backtile4.png">
      <Filter>Images</Filter>
    </Image>
    <Image Include="Image\Level_Backtile3.png">
      <Filter>Images</Filter>
    </Image>
    <Image Include="Image\Level_Backtile2.png">
      <Filter>Images</Filter>
    </Image>
    <Image Include="Image\Level_BackTile.png">
      <Filter>Images</Filter>
    </Image>
    <Image Include="Image\HealthBar.png">
      <Filter>Images</Filter>
    </Image>
    <Image Include="Image\Sprite.png">
      <Filter>Images</Filter>
    </Image>
    <Image Include="Image\Player.png">
      <Filter>Images</Filter>
    </Image>
    <Image Include="Image\MainMenu.png">
      <Filter>Images</Filter>
    </Image>
    <Image Include="Image\LevelTile.png">
      <Filter>Images</Filter>
    </Image>
    <Image Include="Image\Arrow.png">
      <Filter>Images</Filter>
    </Image>
    <Image Include="Image\Button.png">
      <Filter>Images</Filter>
    </Image>
    <Image Include="Image\Enemy_Basic1.png">
      <Filter>Images</Filter>
    </Image>
    <Image Include="Image\HowToPlay.png">
      <Filter>Images</Filter>
    </Image>
    <Image Include="Image\GameInfo.png">
      <Filter>Images</Filter>
    </Image>
    <Image Include="Image\Credit.png">
      <Filter>Images</Filter>
    </Image>
  </ItemGroup>
  <ItemGroup>
    <Text Include="__1.txt" />
  </ItemGroup>
  <ItemGroup>
    <Filter Include="Source">
      <UniqueIdentifier>{bef7405a-3d9f-45af-8249-019fcc60b0a9}</UniqueIdentifier>
    </Filter>
    <Filter Include="Header">
      <UniqueIdentifier>{130b2cce-7446-4af8-ab06-72f7c1748f95}</UniqueIdentifier>
    </Filter>
    <Filter Include="Images">
      <UniqueIdentifier>{b935bd8f-f5c1-4633-94c7-0e8a9e71f5c2}</UniqueIdentifier>
    </Filter>
    <Filter Include="Header\Level">
      <UniqueIdentifier>{3a872288-b91d-4310-8372-b950de7339d0}</UniqueIdentifier>
    </Filter>
    <Filter Include="Source\Level">
      <UniqueIdentifier>{04a6b18b-3f70-4076-b0ec-4d3126d5b184}</UniqueIdentifier>
    </Filter>
    <Filter Include="Header\Actor">
      <UniqueIdentifier>{0fa4a32e-a738-4994-b7f1-1a72f721bde3}</UniqueIdentifier>
    </Filter>
    <Filter Include="Source\Actor">
      <UniqueIdentifier>{067ee641-4ddf-4fd5-b217-5b6ed0d067c2}</UniqueIdentifier>
    </Filter>
    <Filter Include="Header\Interface">
      <UniqueIdentifier>{10952d27-f031-4906-9f44-6c3d1c06d3ce}</UniqueIdentifier>
    </Filter>
  </ItemGroup>
</Project>