<?xml version="1.0" encoding="utf-8"?>
<Project ToolsVersion="4.0" xmlns="http://schemas.microsoft.com/developer/msbuild/2003">
  <ItemGroup>
    <ClCompile Include="DX_Input.cpp">
      <Filter>Source files</Filter>
    </ClCompile>
    <ClCompile Include="Enemy.cpp">
      <Filter>Source files</Filter>
    </ClCompile>
    <ClCompile Include="Frame.cpp">
      <Filter>Source files</Filter>
    </ClCompile>
    <ClCompile Include="Game.cpp">
      <Filter>Source files</Filter>
    </ClCompile>
    <ClCompile Include="Graphics.cpp">
      <Filter>Source files</Filter>
    </ClCompile>
    <ClCompile Include="Keyboard.cpp">
      <Filter>Source files</Filter>
    </ClCompile>
    <ClCompile Include="LevelController.cpp">
      <Filter>Source files</Filter>
    </ClCompile>
    <ClCompile Include="Main.cpp">
      <Filter>Source files</Filter>
    </ClCompile>
    <ClCompile Include="Player.cpp">
      <Filter>Source files</Filter>
    </ClCompile>
    <ClCompile Include="SpriteSheet.cpp">
      <Filter>Source files</Filter>
    </ClCompile>
    <ClCompile Include="TestLevel.cpp">
      <Filter>Source files</Filter>
    </ClCompile>
    <ClCompile Include="TestLevel2.cpp">
      <Filter>Source files</Filter>
    </ClCompile>
  </ItemGroup>
  <ItemGroup>
    <ClInclude Include="TestLevel.h">
      <Filter>Header files</Filter>
    </ClInclude>
    <ClInclude Include="SpriteSheet.h">
      <Filter>Header files</Filter>
    </ClInclude>
    <ClInclude Include="resource.h">
      <Filter>Header files</Filter>
    </ClInclude>
    <ClInclude Include="Player.h">
      <Filter>Header files</Filter>
    </ClInclude>
    <ClInclude Include="LevelController.h">
      <Filter>Header files</Filter>
    </ClInclude>
    <ClInclude Include="Level.h">
      <Filter>Header files</Filter>
    </ClInclude>
    <ClInclude Include="Keyboard.h">
      <Filter>Header files</Filter>
    </ClInclude>
    <ClInclude Include="IActor.h">
      <Filter>Header files</Filter>
    </ClInclude>
    <ClInclude Include="Graphics.h">
      <Filter>Header files</Filter>
    </ClInclude>
    <ClInclude Include="GameDefine.h">
      <Filter>Header files</Filter>
    </ClInclude>
    <ClInclude Include="Game.h">
      <Filter>Header files</Filter>
    </ClInclude>
    <ClInclude Include="Frame.h">
      <Filter>Header files</Filter>
    </ClInclude>
    <ClInclude Include="Enemy.h">
      <Filter>Header files</Filter>
    </ClInclude>
    <ClInclude Include="DX_Input.h">
      <Filter>Header files</Filter>
    </ClInclude>
    <ClInclude Include="TestLevel2.h">
      <Filter>Header files</Filter>
    </ClInclude>
  </ItemGroup>
  <ItemGroup>
    <ResourceCompile Include="Resource.rc" />
  </ItemGroup>
  <ItemGroup>
    <Image Include="icon1.ico" />
    <Image Include="Image\Sprite.png">
      <Filter>Resources\Images</Filter>
    </Image>
    <Image Include="Image\Level_BackTile.png">
      <Filter>Resources\Images</Filter>
    </Image>
    <Image Include="Image\Level_Backtile2.png">
      <Filter>Resources\Images</Filter>
    </Image>
    <Image Include="Image\Level_Backtile3.png">
      <Filter>Resources\Images</Filter>
    </Image>
    <Image Include="Image\Level_Backtile4.png">
      <Filter>Resources\Images</Filter>
    </Image>
  </ItemGroup>
  <ItemGroup>
    <Text Include="__1.txt" />
  </ItemGroup>
  <ItemGroup>
    <Filter Include="Header files">
      <UniqueIdentifier>{ae9c3711-b269-4c30-8999-3b0b66e87d8f}</UniqueIdentifier>
    </Filter>
    <Filter Include="Source files">
      <UniqueIdentifier>{12202581-63ae-419f-bc8d-147213f9d438}</UniqueIdentifier>
    </Filter>
    <Filter Include="Resources">
      <UniqueIdentifier>{3955ff18-659d-4968-9a6f-ec8bde57fcb5}</UniqueIdentifier>
    </Filter>
    <Filter Include="Resources\Images">
      <UniqueIdentifier>{3597a776-9b25-4418-8cb9-ac29c3f2890a}</UniqueIdentifier>
    </Filter>
  </ItemGroup>
</Project>